// !$*UTF8*$!
{
	archiveVersion = 1;
	classes = {
	};
	objectVersion = 46;
	objects = {

/* Begin PBXBuildFile section */
		C31F6DE41D56377700CEABEA /* AppDelegate.swift in Sources */ = {isa = PBXBuildFile; fileRef = C31F6DE31D56377700CEABEA /* AppDelegate.swift */; };
		C31F6DE91D56377700CEABEA /* Main.storyboard in Resources */ = {isa = PBXBuildFile; fileRef = C31F6DE71D56377700CEABEA /* Main.storyboard */; };
		C31F6DEC1D56377700CEABEA /* Square.xcdatamodeld in Sources */ = {isa = PBXBuildFile; fileRef = C31F6DEA1D56377700CEABEA /* Square.xcdatamodeld */; };
		C31F6DEE1D56377700CEABEA /* Assets.xcassets in Resources */ = {isa = PBXBuildFile; fileRef = C31F6DED1D56377700CEABEA /* Assets.xcassets */; };
		C31F6DF11D56377700CEABEA /* LaunchScreen.storyboard in Resources */ = {isa = PBXBuildFile; fileRef = C31F6DEF1D56377700CEABEA /* LaunchScreen.storyboard */; };
		C34212EB1D5EF8D30031838D /* FollowerViewController.swift in Sources */ = {isa = PBXBuildFile; fileRef = C34212EA1D5EF8D20031838D /* FollowerViewController.swift */; };
		C34384DE1D5D74B400248A33 /* SendingStatusCollectionViewCell.swift in Sources */ = {isa = PBXBuildFile; fileRef = C34384DC1D5D74B400248A33 /* SendingStatusCollectionViewCell.swift */; };
		C34384DF1D5D74B400248A33 /* SendingStatusCollectionViewCell.xib in Resources */ = {isa = PBXBuildFile; fileRef = C34384DD1D5D74B400248A33 /* SendingStatusCollectionViewCell.xib */; };
		C34384E11D5D75C600248A33 /* SendingStatusPresenter.swift in Sources */ = {isa = PBXBuildFile; fileRef = C34384E01D5D75C600248A33 /* SendingStatusPresenter.swift */; };
		C34384E61D5D75E600248A33 /* TimeSeparatorModel.swift in Sources */ = {isa = PBXBuildFile; fileRef = C34384E31D5D75E600248A33 /* TimeSeparatorModel.swift */; };
		C34384E71D5D75E600248A33 /* TimeSeparatorPresenter.swift in Sources */ = {isa = PBXBuildFile; fileRef = C34384E41D5D75E600248A33 /* TimeSeparatorPresenter.swift */; };
		C34384E81D5D75E600248A33 /* TimeSeparatorCollectionViewCell.swift in Sources */ = {isa = PBXBuildFile; fileRef = C34384E51D5D75E600248A33 /* TimeSeparatorCollectionViewCell.swift */; };
		C34384EA1D5D7D4D00248A33 /* ChatItemsDemoDecorator.swift in Sources */ = {isa = PBXBuildFile; fileRef = C34384E91D5D7D4D00248A33 /* ChatItemsDemoDecorator.swift */; };
		C34384ED1D5D8CF300248A33 /* StackProfileCollectionViewCell.swift in Sources */ = {isa = PBXBuildFile; fileRef = C34384EB1D5D8CF300248A33 /* StackProfileCollectionViewCell.swift */; };
		C34384EE1D5D8CF300248A33 /* StackProfileCollectionViewCell.xib in Resources */ = {isa = PBXBuildFile; fileRef = C34384EC1D5D8CF300248A33 /* StackProfileCollectionViewCell.xib */; };
		C347AB121D5F948400DC51DD /* HomeTabBarViewController.swift in Sources */ = {isa = PBXBuildFile; fileRef = C347AB111D5F948400DC51DD /* HomeTabBarViewController.swift */; };
		C36D07EE1D5AF37E0095CAEE /* WorkBoardCommentsViewController.swift in Sources */ = {isa = PBXBuildFile; fileRef = C36D07ED1D5AF37E0095CAEE /* WorkBoardCommentsViewController.swift */; };
		C36D07F21D5AF4960095CAEE /* WorkBoardCommentTableViewCell.swift in Sources */ = {isa = PBXBuildFile; fileRef = C36D07F01D5AF4960095CAEE /* WorkBoardCommentTableViewCell.swift */; };
		C36D07F31D5AF4960095CAEE /* WorkBoardCommentTableViewCell.xib in Resources */ = {isa = PBXBuildFile; fileRef = C36D07F11D5AF4960095CAEE /* WorkBoardCommentTableViewCell.xib */; };
		C36D07FB1D5B29F20095CAEE /* UserInfoProfileCollectionViewCell.swift in Sources */ = {isa = PBXBuildFile; fileRef = C36D07F91D5B29F20095CAEE /* UserInfoProfileCollectionViewCell.swift */; };
		C36D07FC1D5B29F20095CAEE /* UserInfoProfileCollectionViewCell.xib in Resources */ = {isa = PBXBuildFile; fileRef = C36D07FA1D5B29F20095CAEE /* UserInfoProfileCollectionViewCell.xib */; };
		C36D07FE1D5B657D0095CAEE /* ProfileViewController.swift in Sources */ = {isa = PBXBuildFile; fileRef = C36D07FD1D5B657D0095CAEE /* ProfileViewController.swift */; };
		C39B18FD1D6301C1004C7376 /* SquareViewController.swift in Sources */ = {isa = PBXBuildFile; fileRef = C39B18FC1D6301C1004C7376 /* SquareViewController.swift */; };
		C39F29B61D56DF9000D832FB /* DINCOND-REGULAR.OTF in Resources */ = {isa = PBXBuildFile; fileRef = C3CAF8491D5639DB00A334D0 /* DINCOND-REGULAR.OTF */; };
		C39F29B91D56E8FB00D832FB /* WorkTableViewCell.swift in Sources */ = {isa = PBXBuildFile; fileRef = C39F29B71D56E8FB00D832FB /* WorkTableViewCell.swift */; };
		C39F29BA1D56E8FB00D832FB /* WorkTableViewCell.xib in Resources */ = {isa = PBXBuildFile; fileRef = C39F29B81D56E8FB00D832FB /* WorkTableViewCell.xib */; };
		C39F29BC1D56F64400D832FB /* CollectionViewController.swift in Sources */ = {isa = PBXBuildFile; fileRef = C39F29BB1D56F64400D832FB /* CollectionViewController.swift */; };
		C39F29C01D56F70600D832FB /* CollectionTableViewCell.swift in Sources */ = {isa = PBXBuildFile; fileRef = C39F29BE1D56F70600D832FB /* CollectionTableViewCell.swift */; };
		C39F29C11D56F70600D832FB /* CollectionTableViewCell.xib in Resources */ = {isa = PBXBuildFile; fileRef = C39F29BF1D56F70600D832FB /* CollectionTableViewCell.xib */; };
		C39F29C31D571E7F00D832FB /* LoginViewController.swift in Sources */ = {isa = PBXBuildFile; fileRef = C39F29C21D571E7F00D832FB /* LoginViewController.swift */; };
		C39F29C61D571F1B00D832FB /* LoginView.swift in Sources */ = {isa = PBXBuildFile; fileRef = C39F29C51D571F1B00D832FB /* LoginView.swift */; };
		C39F29C81D571F3E00D832FB /* LoginView.xib in Resources */ = {isa = PBXBuildFile; fileRef = C39F29C71D571F3E00D832FB /* LoginView.xib */; };
		C39F29CA1D574AAF00D832FB /* NotificationViewController.swift in Sources */ = {isa = PBXBuildFile; fileRef = C39F29C91D574AAF00D832FB /* NotificationViewController.swift */; };
		C39F29CE1D574DEF00D832FB /* CommentTableViewCell.swift in Sources */ = {isa = PBXBuildFile; fileRef = C39F29CC1D574DEF00D832FB /* CommentTableViewCell.swift */; };
		C39F29CF1D574DEF00D832FB /* CommentTableViewCell.xib in Resources */ = {isa = PBXBuildFile; fileRef = C39F29CD1D574DEF00D832FB /* CommentTableViewCell.xib */; };
		C39F29D21D57802200D832FB /* CommentDelegate.swift in Sources */ = {isa = PBXBuildFile; fileRef = C39F29D11D57802200D832FB /* CommentDelegate.swift */; };
		C39F29D41D57825D00D832FB /* NotificationDelegate.swift in Sources */ = {isa = PBXBuildFile; fileRef = C39F29D31D57825D00D832FB /* NotificationDelegate.swift */; };
		C3A9188D1D586FD600B119E3 /* DigInViewController.swift in Sources */ = {isa = PBXBuildFile; fileRef = C3A9188C1D586FD600B119E3 /* DigInViewController.swift */; };
		C3A918901D588B2800B119E3 /* DigInCollectionViewLayout.swift in Sources */ = {isa = PBXBuildFile; fileRef = C3A9188F1D588B2800B119E3 /* DigInCollectionViewLayout.swift */; };
		C3A918941D589AB300B119E3 /* DigInCollectionViewCell.swift in Sources */ = {isa = PBXBuildFile; fileRef = C3A918921D589AB300B119E3 /* DigInCollectionViewCell.swift */; };
		C3A918951D589AB300B119E3 /* DigInCollectionViewCell.xib in Resources */ = {isa = PBXBuildFile; fileRef = C3A918931D589AB300B119E3 /* DigInCollectionViewCell.xib */; };
		C3AB47701D5CDAF500478CF5 /* ChatViewController.swift in Sources */ = {isa = PBXBuildFile; fileRef = C3AB476F1D5CDAF500478CF5 /* ChatViewController.swift */; };
		C3AB47751D5CE12900478CF5 /* BaseMessageCollectionViewCellAvatarStyle.swift in Sources */ = {isa = PBXBuildFile; fileRef = C3AB47741D5CE12900478CF5 /* BaseMessageCollectionViewCellAvatarStyle.swift */; };
		C3AB477A1D5CE23800478CF5 /* DemoTextMessageHandler.swift in Sources */ = {isa = PBXBuildFile; fileRef = C3AB47771D5CE23800478CF5 /* DemoTextMessageHandler.swift */; };
		C3AB477B1D5CE23800478CF5 /* DemoTextMessageModel.swift in Sources */ = {isa = PBXBuildFile; fileRef = C3AB47781D5CE23800478CF5 /* DemoTextMessageModel.swift */; };
		C3AB477C1D5CE23800478CF5 /* DemoTextMessageViewModel.swift in Sources */ = {isa = PBXBuildFile; fileRef = C3AB47791D5CE23800478CF5 /* DemoTextMessageViewModel.swift */; };
		C3AB47811D5CE24500478CF5 /* DemoPhotoMessageHandler.swift in Sources */ = {isa = PBXBuildFile; fileRef = C3AB477E1D5CE24500478CF5 /* DemoPhotoMessageHandler.swift */; };
		C3AB47821D5CE24500478CF5 /* DemoPhotoMessageModel.swift in Sources */ = {isa = PBXBuildFile; fileRef = C3AB477F1D5CE24500478CF5 /* DemoPhotoMessageModel.swift */; };
		C3AB47831D5CE24500478CF5 /* DemoPhotoMessageViewModel.swift in Sources */ = {isa = PBXBuildFile; fileRef = C3AB47801D5CE24500478CF5 /* DemoPhotoMessageViewModel.swift */; };
		C3AB47871D5CE31700478CF5 /* FakeMessageSender.swift in Sources */ = {isa = PBXBuildFile; fileRef = C3AB47861D5CE31700478CF5 /* FakeMessageSender.swift */; };
		C3AB47891D5CE32000478CF5 /* FakeDataSource.swift in Sources */ = {isa = PBXBuildFile; fileRef = C3AB47881D5CE32000478CF5 /* FakeDataSource.swift */; };
		C3AB478B1D5CE33C00478CF5 /* FakeMessageFactory.swift in Sources */ = {isa = PBXBuildFile; fileRef = C3AB478A1D5CE33C00478CF5 /* FakeMessageFactory.swift */; };
		C3AB478D1D5CE34500478CF5 /* SlidingDatasSource.swift in Sources */ = {isa = PBXBuildFile; fileRef = C3AB478C1D5CE34500478CF5 /* SlidingDatasSource.swift */; };
		C3AB478F1D5CE6F100478CF5 /* BaseMessageHandler.swift in Sources */ = {isa = PBXBuildFile; fileRef = C3AB478E1D5CE6F100478CF5 /* BaseMessageHandler.swift */; };
		C3B0170C1D56563D00C22980 /* WorkViewController.swift in Sources */ = {isa = PBXBuildFile; fileRef = C3B0170B1D56563D00C22980 /* WorkViewController.swift */; };
		C3B36BB51D6442720024126E /* CommentLevelOneTableViewCell.swift in Sources */ = {isa = PBXBuildFile; fileRef = C3B36BB31D6442720024126E /* CommentLevelOneTableViewCell.swift */; };
		C3B36BB61D6442720024126E /* CommentLevelOneTableViewCell.xib in Resources */ = {isa = PBXBuildFile; fileRef = C3B36BB41D6442720024126E /* CommentLevelOneTableViewCell.xib */; };
		C3B36BB91D64451C0024126E /* CommentLevelTwoTableViewCell.swift in Sources */ = {isa = PBXBuildFile; fileRef = C3B36BB71D64451C0024126E /* CommentLevelTwoTableViewCell.swift */; };
		C3B36BBA1D64451C0024126E /* CommentLevelTwoTableViewCell.xib in Resources */ = {isa = PBXBuildFile; fileRef = C3B36BB81D64451C0024126E /* CommentLevelTwoTableViewCell.xib */; };
		C3B36BBD1D646ACF0024126E /* CommentFooterLevelOneTableViewCell.swift in Sources */ = {isa = PBXBuildFile; fileRef = C3B36BBB1D646ACF0024126E /* CommentFooterLevelOneTableViewCell.swift */; };
		C3B36BBE1D646ACF0024126E /* CommentFooterLevelOneTableViewCell.xib in Resources */ = {isa = PBXBuildFile; fileRef = C3B36BBC1D646ACF0024126E /* CommentFooterLevelOneTableViewCell.xib */; };
		C3C340A31D5F467E00F311FC /* FolllowerTableViewCell.swift in Sources */ = {isa = PBXBuildFile; fileRef = C3C340A11D5F467E00F311FC /* FolllowerTableViewCell.swift */; };
		C3C340A41D5F467E00F311FC /* FolllowerTableViewCell.xib in Resources */ = {isa = PBXBuildFile; fileRef = C3C340A21D5F467E00F311FC /* FolllowerTableViewCell.xib */; };
		C3CAF8461D5638A500A334D0 /* BASE.swift in Sources */ = {isa = PBXBuildFile; fileRef = C3CAF8451D5638A500A334D0 /* BASE.swift */; };
		C3CAF8481D5638B200A334D0 /* User.swift in Sources */ = {isa = PBXBuildFile; fileRef = C3CAF8471D5638B200A334D0 /* User.swift */; };
		C3CAF84D1D563B3B00A334D0 /* CollectionOnHomeView.swift in Sources */ = {isa = PBXBuildFile; fileRef = C3CAF84C1D563B3B00A334D0 /* CollectionOnHomeView.swift */; };
		C3CAF84F1D563B5B00A334D0 /* CollectionOnHomeView.xib in Resources */ = {isa = PBXBuildFile; fileRef = C3CAF84E1D563B5B00A334D0 /* CollectionOnHomeView.xib */; };
		C3CAF8521D563E1A00A334D0 /* HomeViewController.swift in Sources */ = {isa = PBXBuildFile; fileRef = C3CAF8511D563E1A00A334D0 /* HomeViewController.swift */; };
		C3CAF8541D563E6200A334D0 /* SegmentControlView.swift in Sources */ = {isa = PBXBuildFile; fileRef = C3CAF8531D563E6200A334D0 /* SegmentControlView.swift */; };
		C3CAF8561D563E7200A334D0 /* SegmentControlView.xib in Resources */ = {isa = PBXBuildFile; fileRef = C3CAF8551D563E7200A334D0 /* SegmentControlView.xib */; };
		C3CAF8581D5648BE00A334D0 /* WorksOnHomeView.swift in Sources */ = {isa = PBXBuildFile; fileRef = C3CAF8571D5648BE00A334D0 /* WorksOnHomeView.swift */; };
		C3CAF85A1D5648D500A334D0 /* WorksOnHomeView.xib in Resources */ = {isa = PBXBuildFile; fileRef = C3CAF8591D5648D500A334D0 /* WorksOnHomeView.xib */; };
		C3D09B4D1D59B553002820BA /* WorkBoardViewController.swift in Sources */ = {isa = PBXBuildFile; fileRef = C3D09B4C1D59B553002820BA /* WorkBoardViewController.swift */; };
		C3D94FC31D5C32D10076AA89 /* HeaderProfileCollectionReusableView.swift in Sources */ = {isa = PBXBuildFile; fileRef = C3D94FC11D5C32D10076AA89 /* HeaderProfileCollectionReusableView.swift */; };
		C3D94FC41D5C32D10076AA89 /* HeaderProfileCollectionReusableView.xib in Resources */ = {isa = PBXBuildFile; fileRef = C3D94FC21D5C32D10076AA89 /* HeaderProfileCollectionReusableView.xib */; };
		C3D94FC71D5C3E020076AA89 /* WorkProfileCollectionViewCell.swift in Sources */ = {isa = PBXBuildFile; fileRef = C3D94FC51D5C3E020076AA89 /* WorkProfileCollectionViewCell.swift */; };
		C3D94FC81D5C3E020076AA89 /* WorkProfileCollectionViewCell.xib in Resources */ = {isa = PBXBuildFile; fileRef = C3D94FC61D5C3E020076AA89 /* WorkProfileCollectionViewCell.xib */; };
		C3DDADB21D57837C00F482FA /* NotificationTableViewCell.swift in Sources */ = {isa = PBXBuildFile; fileRef = C3DDADB01D57837C00F482FA /* NotificationTableViewCell.swift */; };
		C3DDADB31D57837C00F482FA /* NotificationTableViewCell.xib in Resources */ = {isa = PBXBuildFile; fileRef = C3DDADB11D57837C00F482FA /* NotificationTableViewCell.xib */; };
		C3E7E41F1D5C5A6600B94ABA /* ProfileEditViewController.swift in Sources */ = {isa = PBXBuildFile; fileRef = C3E7E41E1D5C5A6600B94ABA /* ProfileEditViewController.swift */; };
		C3EBBFB01D5A31D3009DB7DE /* CommentViewController.swift in Sources */ = {isa = PBXBuildFile; fileRef = C3EBBFAF1D5A31D3009DB7DE /* CommentViewController.swift */; };
		CB05AA61D337DA98C23D949D /* Pods_Square.framework in Frameworks */ = {isa = PBXBuildFile; fileRef = E89B89B53BA82A3E79520663 /* Pods_Square.framework */; };
/* End PBXBuildFile section */

/* Begin PBXFileReference section */
		95E8E810F98C4386EB584FD2 /* Pods-Square.debug.xcconfig */ = {isa = PBXFileReference; includeInIndex = 1; lastKnownFileType = text.xcconfig; name = "Pods-Square.debug.xcconfig"; path = "../Pods/Target Support Files/Pods-Square/Pods-Square.debug.xcconfig"; sourceTree = "<group>"; };
		B365ED65503C051D98DBDA1F /* Pods-Square.release.xcconfig */ = {isa = PBXFileReference; includeInIndex = 1; lastKnownFileType = text.xcconfig; name = "Pods-Square.release.xcconfig"; path = "../Pods/Target Support Files/Pods-Square/Pods-Square.release.xcconfig"; sourceTree = "<group>"; };
		C31F6DE01D56377700CEABEA /* Squarance.app */ = {isa = PBXFileReference; explicitFileType = wrapper.application; includeInIndex = 0; path = Squarance.app; sourceTree = BUILT_PRODUCTS_DIR; };
		C31F6DE31D56377700CEABEA /* AppDelegate.swift */ = {isa = PBXFileReference; lastKnownFileType = sourcecode.swift; path = AppDelegate.swift; sourceTree = "<group>"; };
		C31F6DE81D56377700CEABEA /* Base */ = {isa = PBXFileReference; lastKnownFileType = file.storyboard; name = Base; path = Base.lproj/Main.storyboard; sourceTree = "<group>"; };
		C31F6DEB1D56377700CEABEA /* Square.xcdatamodel */ = {isa = PBXFileReference; lastKnownFileType = wrapper.xcdatamodel; path = Square.xcdatamodel; sourceTree = "<group>"; };
		C31F6DED1D56377700CEABEA /* Assets.xcassets */ = {isa = PBXFileReference; lastKnownFileType = folder.assetcatalog; path = Assets.xcassets; sourceTree = "<group>"; };
		C31F6DF01D56377700CEABEA /* Base */ = {isa = PBXFileReference; lastKnownFileType = file.storyboard; name = Base; path = Base.lproj/LaunchScreen.storyboard; sourceTree = "<group>"; };
		C31F6DF21D56377700CEABEA /* Info.plist */ = {isa = PBXFileReference; lastKnownFileType = text.plist.xml; path = Info.plist; sourceTree = "<group>"; };
		C34212EA1D5EF8D20031838D /* FollowerViewController.swift */ = {isa = PBXFileReference; fileEncoding = 4; lastKnownFileType = sourcecode.swift; path = FollowerViewController.swift; sourceTree = "<group>"; };
		C34384DC1D5D74B400248A33 /* SendingStatusCollectionViewCell.swift */ = {isa = PBXFileReference; fileEncoding = 4; lastKnownFileType = sourcecode.swift; path = SendingStatusCollectionViewCell.swift; sourceTree = "<group>"; };
		C34384DD1D5D74B400248A33 /* SendingStatusCollectionViewCell.xib */ = {isa = PBXFileReference; fileEncoding = 4; lastKnownFileType = file.xib; path = SendingStatusCollectionViewCell.xib; sourceTree = "<group>"; };
		C34384E01D5D75C600248A33 /* SendingStatusPresenter.swift */ = {isa = PBXFileReference; fileEncoding = 4; lastKnownFileType = sourcecode.swift; path = SendingStatusPresenter.swift; sourceTree = "<group>"; };
		C34384E31D5D75E600248A33 /* TimeSeparatorModel.swift */ = {isa = PBXFileReference; fileEncoding = 4; lastKnownFileType = sourcecode.swift; path = TimeSeparatorModel.swift; sourceTree = "<group>"; };
		C34384E41D5D75E600248A33 /* TimeSeparatorPresenter.swift */ = {isa = PBXFileReference; fileEncoding = 4; lastKnownFileType = sourcecode.swift; path = TimeSeparatorPresenter.swift; sourceTree = "<group>"; };
		C34384E51D5D75E600248A33 /* TimeSeparatorCollectionViewCell.swift */ = {isa = PBXFileReference; fileEncoding = 4; lastKnownFileType = sourcecode.swift; path = TimeSeparatorCollectionViewCell.swift; sourceTree = "<group>"; };
		C34384E91D5D7D4D00248A33 /* ChatItemsDemoDecorator.swift */ = {isa = PBXFileReference; fileEncoding = 4; lastKnownFileType = sourcecode.swift; path = ChatItemsDemoDecorator.swift; sourceTree = "<group>"; };
		C34384EB1D5D8CF300248A33 /* StackProfileCollectionViewCell.swift */ = {isa = PBXFileReference; fileEncoding = 4; lastKnownFileType = sourcecode.swift; path = StackProfileCollectionViewCell.swift; sourceTree = "<group>"; };
		C34384EC1D5D8CF300248A33 /* StackProfileCollectionViewCell.xib */ = {isa = PBXFileReference; fileEncoding = 4; lastKnownFileType = file.xib; path = StackProfileCollectionViewCell.xib; sourceTree = "<group>"; };
		C347AB111D5F948400DC51DD /* HomeTabBarViewController.swift */ = {isa = PBXFileReference; fileEncoding = 4; lastKnownFileType = sourcecode.swift; path = HomeTabBarViewController.swift; sourceTree = "<group>"; };
		C35A18111D58CA3000B5ECD5 /* CHTCollectionViewWaterfallLayout.swift */ = {isa = PBXFileReference; fileEncoding = 4; lastKnownFileType = sourcecode.swift; path = CHTCollectionViewWaterfallLayout.swift; sourceTree = "<group>"; };
		C36D07ED1D5AF37E0095CAEE /* WorkBoardCommentsViewController.swift */ = {isa = PBXFileReference; fileEncoding = 4; lastKnownFileType = sourcecode.swift; path = WorkBoardCommentsViewController.swift; sourceTree = "<group>"; };
		C36D07F01D5AF4960095CAEE /* WorkBoardCommentTableViewCell.swift */ = {isa = PBXFileReference; fileEncoding = 4; lastKnownFileType = sourcecode.swift; path = WorkBoardCommentTableViewCell.swift; sourceTree = "<group>"; };
		C36D07F11D5AF4960095CAEE /* WorkBoardCommentTableViewCell.xib */ = {isa = PBXFileReference; fileEncoding = 4; lastKnownFileType = file.xib; path = WorkBoardCommentTableViewCell.xib; sourceTree = "<group>"; };
		C36D07F91D5B29F20095CAEE /* UserInfoProfileCollectionViewCell.swift */ = {isa = PBXFileReference; fileEncoding = 4; lastKnownFileType = sourcecode.swift; path = UserInfoProfileCollectionViewCell.swift; sourceTree = "<group>"; };
		C36D07FA1D5B29F20095CAEE /* UserInfoProfileCollectionViewCell.xib */ = {isa = PBXFileReference; fileEncoding = 4; lastKnownFileType = file.xib; path = UserInfoProfileCollectionViewCell.xib; sourceTree = "<group>"; };
		C36D07FD1D5B657D0095CAEE /* ProfileViewController.swift */ = {isa = PBXFileReference; fileEncoding = 4; lastKnownFileType = sourcecode.swift; path = ProfileViewController.swift; sourceTree = "<group>"; };
		C39B18FC1D6301C1004C7376 /* SquareViewController.swift */ = {isa = PBXFileReference; fileEncoding = 4; lastKnownFileType = sourcecode.swift; path = SquareViewController.swift; sourceTree = "<group>"; };
		C39F29B71D56E8FB00D832FB /* WorkTableViewCell.swift */ = {isa = PBXFileReference; fileEncoding = 4; lastKnownFileType = sourcecode.swift; path = WorkTableViewCell.swift; sourceTree = "<group>"; };
		C39F29B81D56E8FB00D832FB /* WorkTableViewCell.xib */ = {isa = PBXFileReference; fileEncoding = 4; lastKnownFileType = file.xib; path = WorkTableViewCell.xib; sourceTree = "<group>"; };
		C39F29BB1D56F64400D832FB /* CollectionViewController.swift */ = {isa = PBXFileReference; fileEncoding = 4; lastKnownFileType = sourcecode.swift; path = CollectionViewController.swift; sourceTree = "<group>"; };
		C39F29BE1D56F70600D832FB /* CollectionTableViewCell.swift */ = {isa = PBXFileReference; fileEncoding = 4; lastKnownFileType = sourcecode.swift; path = CollectionTableViewCell.swift; sourceTree = "<group>"; };
		C39F29BF1D56F70600D832FB /* CollectionTableViewCell.xib */ = {isa = PBXFileReference; fileEncoding = 4; lastKnownFileType = file.xib; path = CollectionTableViewCell.xib; sourceTree = "<group>"; };
		C39F29C21D571E7F00D832FB /* LoginViewController.swift */ = {isa = PBXFileReference; fileEncoding = 4; lastKnownFileType = sourcecode.swift; path = LoginViewController.swift; sourceTree = "<group>"; };
		C39F29C51D571F1B00D832FB /* LoginView.swift */ = {isa = PBXFileReference; fileEncoding = 4; lastKnownFileType = sourcecode.swift; path = LoginView.swift; sourceTree = "<group>"; };
		C39F29C71D571F3E00D832FB /* LoginView.xib */ = {isa = PBXFileReference; fileEncoding = 4; lastKnownFileType = file.xib; path = LoginView.xib; sourceTree = "<group>"; };
		C39F29C91D574AAF00D832FB /* NotificationViewController.swift */ = {isa = PBXFileReference; fileEncoding = 4; lastKnownFileType = sourcecode.swift; path = NotificationViewController.swift; sourceTree = "<group>"; };
		C39F29CC1D574DEF00D832FB /* CommentTableViewCell.swift */ = {isa = PBXFileReference; fileEncoding = 4; lastKnownFileType = sourcecode.swift; path = CommentTableViewCell.swift; sourceTree = "<group>"; };
		C39F29CD1D574DEF00D832FB /* CommentTableViewCell.xib */ = {isa = PBXFileReference; fileEncoding = 4; lastKnownFileType = file.xib; path = CommentTableViewCell.xib; sourceTree = "<group>"; };
		C39F29D11D57802200D832FB /* CommentDelegate.swift */ = {isa = PBXFileReference; fileEncoding = 4; lastKnownFileType = sourcecode.swift; path = CommentDelegate.swift; sourceTree = "<group>"; };
		C39F29D31D57825D00D832FB /* NotificationDelegate.swift */ = {isa = PBXFileReference; fileEncoding = 4; lastKnownFileType = sourcecode.swift; path = NotificationDelegate.swift; sourceTree = "<group>"; };
		C3A9188C1D586FD600B119E3 /* DigInViewController.swift */ = {isa = PBXFileReference; fileEncoding = 4; lastKnownFileType = sourcecode.swift; path = DigInViewController.swift; sourceTree = "<group>"; };
		C3A9188F1D588B2800B119E3 /* DigInCollectionViewLayout.swift */ = {isa = PBXFileReference; fileEncoding = 4; lastKnownFileType = sourcecode.swift; path = DigInCollectionViewLayout.swift; sourceTree = "<group>"; };
		C3A918921D589AB300B119E3 /* DigInCollectionViewCell.swift */ = {isa = PBXFileReference; fileEncoding = 4; lastKnownFileType = sourcecode.swift; path = DigInCollectionViewCell.swift; sourceTree = "<group>"; };
		C3A918931D589AB300B119E3 /* DigInCollectionViewCell.xib */ = {isa = PBXFileReference; fileEncoding = 4; lastKnownFileType = file.xib; path = DigInCollectionViewCell.xib; sourceTree = "<group>"; };
		C3AB476F1D5CDAF500478CF5 /* ChatViewController.swift */ = {isa = PBXFileReference; fileEncoding = 4; lastKnownFileType = sourcecode.swift; path = ChatViewController.swift; sourceTree = "<group>"; };
		C3AB47741D5CE12900478CF5 /* BaseMessageCollectionViewCellAvatarStyle.swift */ = {isa = PBXFileReference; fileEncoding = 4; lastKnownFileType = sourcecode.swift; path = BaseMessageCollectionViewCellAvatarStyle.swift; sourceTree = "<group>"; };
		C3AB47771D5CE23800478CF5 /* DemoTextMessageHandler.swift */ = {isa = PBXFileReference; fileEncoding = 4; lastKnownFileType = sourcecode.swift; path = DemoTextMessageHandler.swift; sourceTree = "<group>"; };
		C3AB47781D5CE23800478CF5 /* DemoTextMessageModel.swift */ = {isa = PBXFileReference; fileEncoding = 4; lastKnownFileType = sourcecode.swift; path = DemoTextMessageModel.swift; sourceTree = "<group>"; };
		C3AB47791D5CE23800478CF5 /* DemoTextMessageViewModel.swift */ = {isa = PBXFileReference; fileEncoding = 4; lastKnownFileType = sourcecode.swift; path = DemoTextMessageViewModel.swift; sourceTree = "<group>"; };
		C3AB477E1D5CE24500478CF5 /* DemoPhotoMessageHandler.swift */ = {isa = PBXFileReference; fileEncoding = 4; lastKnownFileType = sourcecode.swift; path = DemoPhotoMessageHandler.swift; sourceTree = "<group>"; };
		C3AB477F1D5CE24500478CF5 /* DemoPhotoMessageModel.swift */ = {isa = PBXFileReference; fileEncoding = 4; lastKnownFileType = sourcecode.swift; path = DemoPhotoMessageModel.swift; sourceTree = "<group>"; };
		C3AB47801D5CE24500478CF5 /* DemoPhotoMessageViewModel.swift */ = {isa = PBXFileReference; fileEncoding = 4; lastKnownFileType = sourcecode.swift; path = DemoPhotoMessageViewModel.swift; sourceTree = "<group>"; };
		C3AB47861D5CE31700478CF5 /* FakeMessageSender.swift */ = {isa = PBXFileReference; fileEncoding = 4; lastKnownFileType = sourcecode.swift; path = FakeMessageSender.swift; sourceTree = "<group>"; };
		C3AB47881D5CE32000478CF5 /* FakeDataSource.swift */ = {isa = PBXFileReference; fileEncoding = 4; lastKnownFileType = sourcecode.swift; path = FakeDataSource.swift; sourceTree = "<group>"; };
		C3AB478A1D5CE33C00478CF5 /* FakeMessageFactory.swift */ = {isa = PBXFileReference; fileEncoding = 4; lastKnownFileType = sourcecode.swift; path = FakeMessageFactory.swift; sourceTree = "<group>"; };
		C3AB478C1D5CE34500478CF5 /* SlidingDatasSource.swift */ = {isa = PBXFileReference; fileEncoding = 4; lastKnownFileType = sourcecode.swift; path = SlidingDatasSource.swift; sourceTree = "<group>"; };
		C3AB478E1D5CE6F100478CF5 /* BaseMessageHandler.swift */ = {isa = PBXFileReference; fileEncoding = 4; lastKnownFileType = sourcecode.swift; path = BaseMessageHandler.swift; sourceTree = "<group>"; };
		C3B0170B1D56563D00C22980 /* WorkViewController.swift */ = {isa = PBXFileReference; fileEncoding = 4; lastKnownFileType = sourcecode.swift; path = WorkViewController.swift; sourceTree = "<group>"; };
		C3B36BB31D6442720024126E /* CommentLevelOneTableViewCell.swift */ = {isa = PBXFileReference; fileEncoding = 4; lastKnownFileType = sourcecode.swift; path = CommentLevelOneTableViewCell.swift; sourceTree = "<group>"; };
		C3B36BB41D6442720024126E /* CommentLevelOneTableViewCell.xib */ = {isa = PBXFileReference; fileEncoding = 4; lastKnownFileType = file.xib; path = CommentLevelOneTableViewCell.xib; sourceTree = "<group>"; };
		C3B36BB71D64451C0024126E /* CommentLevelTwoTableViewCell.swift */ = {isa = PBXFileReference; fileEncoding = 4; lastKnownFileType = sourcecode.swift; path = CommentLevelTwoTableViewCell.swift; sourceTree = "<group>"; };
		C3B36BB81D64451C0024126E /* CommentLevelTwoTableViewCell.xib */ = {isa = PBXFileReference; fileEncoding = 4; lastKnownFileType = file.xib; path = CommentLevelTwoTableViewCell.xib; sourceTree = "<group>"; };
		C3B36BBB1D646ACF0024126E /* CommentFooterLevelOneTableViewCell.swift */ = {isa = PBXFileReference; fileEncoding = 4; lastKnownFileType = sourcecode.swift; path = CommentFooterLevelOneTableViewCell.swift; sourceTree = "<group>"; };
		C3B36BBC1D646ACF0024126E /* CommentFooterLevelOneTableViewCell.xib */ = {isa = PBXFileReference; fileEncoding = 4; lastKnownFileType = file.xib; path = CommentFooterLevelOneTableViewCell.xib; sourceTree = "<group>"; };
		C3C340A11D5F467E00F311FC /* FolllowerTableViewCell.swift */ = {isa = PBXFileReference; fileEncoding = 4; lastKnownFileType = sourcecode.swift; path = FolllowerTableViewCell.swift; sourceTree = "<group>"; };
		C3C340A21D5F467E00F311FC /* FolllowerTableViewCell.xib */ = {isa = PBXFileReference; fileEncoding = 4; lastKnownFileType = file.xib; path = FolllowerTableViewCell.xib; sourceTree = "<group>"; };
		C3CAF8451D5638A500A334D0 /* BASE.swift */ = {isa = PBXFileReference; fileEncoding = 4; lastKnownFileType = sourcecode.swift; path = BASE.swift; sourceTree = "<group>"; };
		C3CAF8471D5638B200A334D0 /* User.swift */ = {isa = PBXFileReference; fileEncoding = 4; lastKnownFileType = sourcecode.swift; path = User.swift; sourceTree = "<group>"; };
		C3CAF8491D5639DB00A334D0 /* DINCOND-REGULAR.OTF */ = {isa = PBXFileReference; lastKnownFileType = file; path = "DINCOND-REGULAR.OTF"; sourceTree = "<group>"; };
		C3CAF84C1D563B3B00A334D0 /* CollectionOnHomeView.swift */ = {isa = PBXFileReference; fileEncoding = 4; lastKnownFileType = sourcecode.swift; path = CollectionOnHomeView.swift; sourceTree = "<group>"; };
		C3CAF84E1D563B5B00A334D0 /* CollectionOnHomeView.xib */ = {isa = PBXFileReference; fileEncoding = 4; lastKnownFileType = file.xib; path = CollectionOnHomeView.xib; sourceTree = "<group>"; };
		C3CAF8511D563E1A00A334D0 /* HomeViewController.swift */ = {isa = PBXFileReference; fileEncoding = 4; lastKnownFileType = sourcecode.swift; path = HomeViewController.swift; sourceTree = "<group>"; };
		C3CAF8531D563E6200A334D0 /* SegmentControlView.swift */ = {isa = PBXFileReference; fileEncoding = 4; lastKnownFileType = sourcecode.swift; path = SegmentControlView.swift; sourceTree = "<group>"; };
		C3CAF8551D563E7200A334D0 /* SegmentControlView.xib */ = {isa = PBXFileReference; fileEncoding = 4; lastKnownFileType = file.xib; path = SegmentControlView.xib; sourceTree = "<group>"; };
		C3CAF8571D5648BE00A334D0 /* WorksOnHomeView.swift */ = {isa = PBXFileReference; fileEncoding = 4; lastKnownFileType = sourcecode.swift; path = WorksOnHomeView.swift; sourceTree = "<group>"; };
		C3CAF8591D5648D500A334D0 /* WorksOnHomeView.xib */ = {isa = PBXFileReference; fileEncoding = 4; lastKnownFileType = file.xib; path = WorksOnHomeView.xib; sourceTree = "<group>"; };
		C3D09B4C1D59B553002820BA /* WorkBoardViewController.swift */ = {isa = PBXFileReference; fileEncoding = 4; lastKnownFileType = sourcecode.swift; path = WorkBoardViewController.swift; sourceTree = "<group>"; };
		C3D94FC11D5C32D10076AA89 /* HeaderProfileCollectionReusableView.swift */ = {isa = PBXFileReference; fileEncoding = 4; lastKnownFileType = sourcecode.swift; path = HeaderProfileCollectionReusableView.swift; sourceTree = "<group>"; };
		C3D94FC21D5C32D10076AA89 /* HeaderProfileCollectionReusableView.xib */ = {isa = PBXFileReference; fileEncoding = 4; lastKnownFileType = file.xib; path = HeaderProfileCollectionReusableView.xib; sourceTree = "<group>"; };
		C3D94FC51D5C3E020076AA89 /* WorkProfileCollectionViewCell.swift */ = {isa = PBXFileReference; fileEncoding = 4; lastKnownFileType = sourcecode.swift; path = WorkProfileCollectionViewCell.swift; sourceTree = "<group>"; };
		C3D94FC61D5C3E020076AA89 /* WorkProfileCollectionViewCell.xib */ = {isa = PBXFileReference; fileEncoding = 4; lastKnownFileType = file.xib; path = WorkProfileCollectionViewCell.xib; sourceTree = "<group>"; };
		C3DDADB01D57837C00F482FA /* NotificationTableViewCell.swift */ = {isa = PBXFileReference; fileEncoding = 4; lastKnownFileType = sourcecode.swift; path = NotificationTableViewCell.swift; sourceTree = "<group>"; };
		C3DDADB11D57837C00F482FA /* NotificationTableViewCell.xib */ = {isa = PBXFileReference; fileEncoding = 4; lastKnownFileType = file.xib; path = NotificationTableViewCell.xib; sourceTree = "<group>"; };
		C3E7E41E1D5C5A6600B94ABA /* ProfileEditViewController.swift */ = {isa = PBXFileReference; fileEncoding = 4; lastKnownFileType = sourcecode.swift; path = ProfileEditViewController.swift; sourceTree = "<group>"; };
		C3EBBFAF1D5A31D3009DB7DE /* CommentViewController.swift */ = {isa = PBXFileReference; fileEncoding = 4; lastKnownFileType = sourcecode.swift; path = CommentViewController.swift; sourceTree = "<group>"; };
		E89B89B53BA82A3E79520663 /* Pods_Square.framework */ = {isa = PBXFileReference; explicitFileType = wrapper.framework; includeInIndex = 0; path = Pods_Square.framework; sourceTree = BUILT_PRODUCTS_DIR; };
/* End PBXFileReference section */

/* Begin PBXFrameworksBuildPhase section */
		C31F6DDD1D56377700CEABEA /* Frameworks */ = {
			isa = PBXFrameworksBuildPhase;
			buildActionMask = 2147483647;
			files = (
				CB05AA61D337DA98C23D949D /* Pods_Square.framework in Frameworks */,
			);
			runOnlyForDeploymentPostprocessing = 0;
		};
/* End PBXFrameworksBuildPhase section */

/* Begin PBXGroup section */
		7ED339D0EAC9EF6DC698EDAB /* Frameworks */ = {
			isa = PBXGroup;
			children = (
				E89B89B53BA82A3E79520663 /* Pods_Square.framework */,
			);
			name = Frameworks;
			sourceTree = "<group>";
		};
		B4D065E9C58E608A63A39D8A /* Pods */ = {
			isa = PBXGroup;
			children = (
				95E8E810F98C4386EB584FD2 /* Pods-Square.debug.xcconfig */,
				B365ED65503C051D98DBDA1F /* Pods-Square.release.xcconfig */,
			);
			name = Pods;
			sourceTree = "<group>";
		};
		C31F6DD71D56377700CEABEA = {
			isa = PBXGroup;
			children = (
				C31F6DE21D56377700CEABEA /* Squarance */,
				C31F6DE11D56377700CEABEA /* Products */,
				B4D065E9C58E608A63A39D8A /* Pods */,
				7ED339D0EAC9EF6DC698EDAB /* Frameworks */,
			);
			sourceTree = "<group>";
		};
		C31F6DE11D56377700CEABEA /* Products */ = {
			isa = PBXGroup;
			children = (
				C31F6DE01D56377700CEABEA /* Squarance.app */,
			);
			name = Products;
			sourceTree = "<group>";
		};
		C31F6DE21D56377700CEABEA /* Squarance */ = {
			isa = PBXGroup;
			children = (
				C3AB47711D5CDED100478CF5 /* Chat */,
				C3CAF8501D563E0800A334D0 /* ViewController */,
				C3CAF84A1D563B1900A334D0 /* View */,
				C3CAF8441D56389700A334D0 /* Model */,
				C31F6DE31D56377700CEABEA /* AppDelegate.swift */,
				C31F6DE71D56377700CEABEA /* Main.storyboard */,
				C3CAF8491D5639DB00A334D0 /* DINCOND-REGULAR.OTF */,
				C31F6DED1D56377700CEABEA /* Assets.xcassets */,
				C31F6DEF1D56377700CEABEA /* LaunchScreen.storyboard */,
				C31F6DF21D56377700CEABEA /* Info.plist */,
				C31F6DEA1D56377700CEABEA /* Square.xcdatamodeld */,
			);
			name = Squarance;
			path = Square;
			sourceTree = "<group>";
		};
		C34384DB1D5D746E00248A33 /* Send Status */ = {
			isa = PBXGroup;
			children = (
				C34384DC1D5D74B400248A33 /* SendingStatusCollectionViewCell.swift */,
				C34384E01D5D75C600248A33 /* SendingStatusPresenter.swift */,
				C34384DD1D5D74B400248A33 /* SendingStatusCollectionViewCell.xib */,
			);
			name = "Send Status";
			sourceTree = "<group>";
		};
		C34384E21D5D75DA00248A33 /* Time Separator */ = {
			isa = PBXGroup;
			children = (
				C34384E31D5D75E600248A33 /* TimeSeparatorModel.swift */,
				C34384E41D5D75E600248A33 /* TimeSeparatorPresenter.swift */,
				C34384E51D5D75E600248A33 /* TimeSeparatorCollectionViewCell.swift */,
			);
			name = "Time Separator";
			sourceTree = "<group>";
		};
		C36D07EF1D5AF44F0095CAEE /* WorkBoard */ = {
			isa = PBXGroup;
			children = (
				C36D07F01D5AF4960095CAEE /* WorkBoardCommentTableViewCell.swift */,
				C36D07F11D5AF4960095CAEE /* WorkBoardCommentTableViewCell.xib */,
			);
			name = WorkBoard;
			sourceTree = "<group>";
		};
		C36D07F41D5B29690095CAEE /* Profile */ = {
			isa = PBXGroup;
			children = (
				C36D07F91D5B29F20095CAEE /* UserInfoProfileCollectionViewCell.swift */,
				C36D07FA1D5B29F20095CAEE /* UserInfoProfileCollectionViewCell.xib */,
				C3D94FC11D5C32D10076AA89 /* HeaderProfileCollectionReusableView.swift */,
				C3D94FC21D5C32D10076AA89 /* HeaderProfileCollectionReusableView.xib */,
				C3D94FC51D5C3E020076AA89 /* WorkProfileCollectionViewCell.swift */,
				C3D94FC61D5C3E020076AA89 /* WorkProfileCollectionViewCell.xib */,
				C34384EB1D5D8CF300248A33 /* StackProfileCollectionViewCell.swift */,
				C34384EC1D5D8CF300248A33 /* StackProfileCollectionViewCell.xib */,
			);
			name = Profile;
			sourceTree = "<group>";
		};
		C36E6BD91D609F2C00866F8D /* Square */ = {
			isa = PBXGroup;
			children = (
			);
			name = Square;
			sourceTree = "<group>";
		};
		C39F29BD1D56F6E200D832FB /* Collection */ = {
			isa = PBXGroup;
			children = (
				C39F29BE1D56F70600D832FB /* CollectionTableViewCell.swift */,
				C39F29BF1D56F70600D832FB /* CollectionTableViewCell.xib */,
			);
			name = Collection;
			sourceTree = "<group>";
		};
		C39F29C41D571EF000D832FB /* Login */ = {
			isa = PBXGroup;
			children = (
				C39F29C51D571F1B00D832FB /* LoginView.swift */,
				C39F29C71D571F3E00D832FB /* LoginView.xib */,
			);
			name = Login;
			sourceTree = "<group>";
		};
		C39F29CB1D574DC000D832FB /* Notification */ = {
			isa = PBXGroup;
			children = (
				C39F29CC1D574DEF00D832FB /* CommentTableViewCell.swift */,
				C39F29CD1D574DEF00D832FB /* CommentTableViewCell.xib */,
				C3DDADB01D57837C00F482FA /* NotificationTableViewCell.swift */,
				C3DDADB11D57837C00F482FA /* NotificationTableViewCell.xib */,
			);
			name = Notification;
			sourceTree = "<group>";
		};
		C39F29D01D577FCA00D832FB /* NotificationTableViewDelegate */ = {
			isa = PBXGroup;
			children = (
				C39F29D11D57802200D832FB /* CommentDelegate.swift */,
				C39F29D31D57825D00D832FB /* NotificationDelegate.swift */,
			);
			name = NotificationTableViewDelegate;
			sourceTree = "<group>";
		};
		C3A9188E1D588B0B00B119E3 /* DigIn */ = {
			isa = PBXGroup;
			children = (
				C3A9188F1D588B2800B119E3 /* DigInCollectionViewLayout.swift */,
			);
			name = DigIn;
			sourceTree = "<group>";
		};
		C3A918911D58994B00B119E3 /* DigIn */ = {
			isa = PBXGroup;
			children = (
				C3A918921D589AB300B119E3 /* DigInCollectionViewCell.swift */,
				C3A918931D589AB300B119E3 /* DigInCollectionViewCell.xib */,
			);
			name = DigIn;
			sourceTree = "<group>";
		};
		C3AB47711D5CDED100478CF5 /* Chat */ = {
			isa = PBXGroup;
			children = (
				C34384E21D5D75DA00248A33 /* Time Separator */,
				C34384DB1D5D746E00248A33 /* Send Status */,
				C3AB477D1D5CE24500478CF5 /* Photo Messages */,
				C3AB47761D5CE23800478CF5 /* Text Messages */,
				C3AB47741D5CE12900478CF5 /* BaseMessageCollectionViewCellAvatarStyle.swift */,
				C34384E91D5D7D4D00248A33 /* ChatItemsDemoDecorator.swift */,
				C3AB478E1D5CE6F100478CF5 /* BaseMessageHandler.swift */,
				C3AB47861D5CE31700478CF5 /* FakeMessageSender.swift */,
				C3AB478A1D5CE33C00478CF5 /* FakeMessageFactory.swift */,
				C3AB478C1D5CE34500478CF5 /* SlidingDatasSource.swift */,
				C3AB47881D5CE32000478CF5 /* FakeDataSource.swift */,
			);
			name = Chat;
			sourceTree = "<group>";
		};
		C3AB47761D5CE23800478CF5 /* Text Messages */ = {
			isa = PBXGroup;
			children = (
				C3AB47771D5CE23800478CF5 /* DemoTextMessageHandler.swift */,
				C3AB47781D5CE23800478CF5 /* DemoTextMessageModel.swift */,
				C3AB47791D5CE23800478CF5 /* DemoTextMessageViewModel.swift */,
			);
			path = "Text Messages";
			sourceTree = "<group>";
		};
		C3AB477D1D5CE24500478CF5 /* Photo Messages */ = {
			isa = PBXGroup;
			children = (
				C3AB477E1D5CE24500478CF5 /* DemoPhotoMessageHandler.swift */,
				C3AB477F1D5CE24500478CF5 /* DemoPhotoMessageModel.swift */,
				C3AB47801D5CE24500478CF5 /* DemoPhotoMessageViewModel.swift */,
			);
			path = "Photo Messages";
			sourceTree = "<group>";
		};
		C3B0170D1D565A6800C22980 /* Work */ = {
			isa = PBXGroup;
			children = (
				C39F29B71D56E8FB00D832FB /* WorkTableViewCell.swift */,
				C39F29B81D56E8FB00D832FB /* WorkTableViewCell.xib */,
			);
			name = Work;
			sourceTree = "<group>";
		};
		C3B36BB21D6442480024126E /* Comment */ = {
			isa = PBXGroup;
			children = (
				C3B36BB31D6442720024126E /* CommentLevelOneTableViewCell.swift */,
				C3B36BB41D6442720024126E /* CommentLevelOneTableViewCell.xib */,
				C3B36BB71D64451C0024126E /* CommentLevelTwoTableViewCell.swift */,
				C3B36BB81D64451C0024126E /* CommentLevelTwoTableViewCell.xib */,
				C3B36BBB1D646ACF0024126E /* CommentFooterLevelOneTableViewCell.swift */,
				C3B36BBC1D646ACF0024126E /* CommentFooterLevelOneTableViewCell.xib */,
			);
			name = Comment;
			sourceTree = "<group>";
		};
		C3C340A01D5F460A00F311FC /* Follower */ = {
			isa = PBXGroup;
			children = (
				C3C340A11D5F467E00F311FC /* FolllowerTableViewCell.swift */,
				C3C340A21D5F467E00F311FC /* FolllowerTableViewCell.xib */,
			);
			name = Follower;
			sourceTree = "<group>";
		};
		C3CAF8441D56389700A334D0 /* Model */ = {
			isa = PBXGroup;
			children = (
				C3CAF8451D5638A500A334D0 /* BASE.swift */,
				C3CAF8471D5638B200A334D0 /* User.swift */,
			);
			name = Model;
			sourceTree = "<group>";
		};
		C3CAF84A1D563B1900A334D0 /* View */ = {
			isa = PBXGroup;
			children = (
				C3B36BB21D6442480024126E /* Comment */,
				C36E6BD91D609F2C00866F8D /* Square */,
				C3C340A01D5F460A00F311FC /* Follower */,
				C36D07F41D5B29690095CAEE /* Profile */,
				C36D07EF1D5AF44F0095CAEE /* WorkBoard */,
				C3A918911D58994B00B119E3 /* DigIn */,
				C39F29CB1D574DC000D832FB /* Notification */,
				C39F29C41D571EF000D832FB /* Login */,
				C39F29BD1D56F6E200D832FB /* Collection */,
				C3B0170D1D565A6800C22980 /* Work */,
				C3CAF84B1D563B2100A334D0 /* Home */,
			);
			name = View;
			sourceTree = "<group>";
		};
		C3CAF84B1D563B2100A334D0 /* Home */ = {
			isa = PBXGroup;
			children = (
				C3CAF8531D563E6200A334D0 /* SegmentControlView.swift */,
				C3CAF8571D5648BE00A334D0 /* WorksOnHomeView.swift */,
				C3CAF84C1D563B3B00A334D0 /* CollectionOnHomeView.swift */,
				C3CAF84E1D563B5B00A334D0 /* CollectionOnHomeView.xib */,
				C3CAF8551D563E7200A334D0 /* SegmentControlView.xib */,
				C3CAF8591D5648D500A334D0 /* WorksOnHomeView.xib */,
			);
			name = Home;
			sourceTree = "<group>";
		};
		C3CAF8501D563E0800A334D0 /* ViewController */ = {
			isa = PBXGroup;
			children = (
				C35A18111D58CA3000B5ECD5 /* CHTCollectionViewWaterfallLayout.swift */,
				C3A9188E1D588B0B00B119E3 /* DigIn */,
				C39F29D01D577FCA00D832FB /* NotificationTableViewDelegate */,
				C3CAF8511D563E1A00A334D0 /* HomeViewController.swift */,
				C3B0170B1D56563D00C22980 /* WorkViewController.swift */,
				C39F29BB1D56F64400D832FB /* CollectionViewController.swift */,
				C39F29C21D571E7F00D832FB /* LoginViewController.swift */,
				C39F29C91D574AAF00D832FB /* NotificationViewController.swift */,
				C3A9188C1D586FD600B119E3 /* DigInViewController.swift */,
				C3D09B4C1D59B553002820BA /* WorkBoardViewController.swift */,
				C3EBBFAF1D5A31D3009DB7DE /* CommentViewController.swift */,
				C36D07ED1D5AF37E0095CAEE /* WorkBoardCommentsViewController.swift */,
				C36D07FD1D5B657D0095CAEE /* ProfileViewController.swift */,
				C3E7E41E1D5C5A6600B94ABA /* ProfileEditViewController.swift */,
				C3AB476F1D5CDAF500478CF5 /* ChatViewController.swift */,
				C34212EA1D5EF8D20031838D /* FollowerViewController.swift */,
				C347AB111D5F948400DC51DD /* HomeTabBarViewController.swift */,
				C39B18FC1D6301C1004C7376 /* SquareViewController.swift */,
			);
			name = ViewController;
			sourceTree = "<group>";
		};
/* End PBXGroup section */

/* Begin PBXNativeTarget section */
		C31F6DDF1D56377700CEABEA /* Squarance */ = {
			isa = PBXNativeTarget;
			buildConfigurationList = C31F6DF51D56377700CEABEA /* Build configuration list for PBXNativeTarget "Squarance" */;
			buildPhases = (
				9CC6ED6485FCA7F9788B6CDE /* [CP] Check Pods Manifest.lock */,
				C31F6DDC1D56377700CEABEA /* Sources */,
				C31F6DDD1D56377700CEABEA /* Frameworks */,
				C31F6DDE1D56377700CEABEA /* Resources */,
				83D39E36C7AD18DDBE782FB5 /* [CP] Embed Pods Frameworks */,
				7FF999E3EABE858ABFFEDD51 /* [CP] Copy Pods Resources */,
			);
			buildRules = (
			);
			dependencies = (
			);
			name = Squarance;
			productName = Square;
			productReference = C31F6DE01D56377700CEABEA /* Squarance.app */;
			productType = "com.apple.product-type.application";
		};
/* End PBXNativeTarget section */

/* Begin PBXProject section */
		C31F6DD81D56377700CEABEA /* Project object */ = {
			isa = PBXProject;
			attributes = {
				LastSwiftUpdateCheck = 0730;
				LastUpgradeCheck = 0730;
				ORGANIZATIONNAME = SquareCom;
				TargetAttributes = {
					C31F6DDF1D56377700CEABEA = {
						CreatedOnToolsVersion = 7.3.1;
						DevelopmentTeam = QXPV6MQP3E;
					};
				};
			};
			buildConfigurationList = C31F6DDB1D56377700CEABEA /* Build configuration list for PBXProject "Squarance" */;
			compatibilityVersion = "Xcode 3.2";
			developmentRegion = English;
			hasScannedForEncodings = 0;
			knownRegions = (
				en,
				Base,
			);
			mainGroup = C31F6DD71D56377700CEABEA;
			productRefGroup = C31F6DE11D56377700CEABEA /* Products */;
			projectDirPath = "";
			projectRoot = "";
			targets = (
				C31F6DDF1D56377700CEABEA /* Squarance */,
			);
		};
/* End PBXProject section */

/* Begin PBXResourcesBuildPhase section */
		C31F6DDE1D56377700CEABEA /* Resources */ = {
			isa = PBXResourcesBuildPhase;
			buildActionMask = 2147483647;
			files = (
				C39F29B61D56DF9000D832FB /* DINCOND-REGULAR.OTF in Resources */,
				C3CAF8561D563E7200A334D0 /* SegmentControlView.xib in Resources */,
				C34384DF1D5D74B400248A33 /* SendingStatusCollectionViewCell.xib in Resources */,
				C39F29BA1D56E8FB00D832FB /* WorkTableViewCell.xib in Resources */,
				C31F6DF11D56377700CEABEA /* LaunchScreen.storyboard in Resources */,
				C31F6DEE1D56377700CEABEA /* Assets.xcassets in Resources */,
				C3B36BBE1D646ACF0024126E /* CommentFooterLevelOneTableViewCell.xib in Resources */,
				C31F6DE91D56377700CEABEA /* Main.storyboard in Resources */,
				C3CAF85A1D5648D500A334D0 /* WorksOnHomeView.xib in Resources */,
				C39F29C11D56F70600D832FB /* CollectionTableViewCell.xib in Resources */,
				C34384EE1D5D8CF300248A33 /* StackProfileCollectionViewCell.xib in Resources */,
				C3DDADB31D57837C00F482FA /* NotificationTableViewCell.xib in Resources */,
				C36D07FC1D5B29F20095CAEE /* UserInfoProfileCollectionViewCell.xib in Resources */,
				C3D94FC41D5C32D10076AA89 /* HeaderProfileCollectionReusableView.xib in Resources */,
				C36D07F31D5AF4960095CAEE /* WorkBoardCommentTableViewCell.xib in Resources */,
				C3A918951D589AB300B119E3 /* DigInCollectionViewCell.xib in Resources */,
				C3D94FC81D5C3E020076AA89 /* WorkProfileCollectionViewCell.xib in Resources */,
				C3B36BB61D6442720024126E /* CommentLevelOneTableViewCell.xib in Resources */,
				C39F29CF1D574DEF00D832FB /* CommentTableViewCell.xib in Resources */,
				C39F29C81D571F3E00D832FB /* LoginView.xib in Resources */,
				C3CAF84F1D563B5B00A334D0 /* CollectionOnHomeView.xib in Resources */,
				C3B36BBA1D64451C0024126E /* CommentLevelTwoTableViewCell.xib in Resources */,
				C3C340A41D5F467E00F311FC /* FolllowerTableViewCell.xib in Resources */,
			);
			runOnlyForDeploymentPostprocessing = 0;
		};
/* End PBXResourcesBuildPhase section */

/* Begin PBXShellScriptBuildPhase section */
		7FF999E3EABE858ABFFEDD51 /* [CP] Copy Pods Resources */ = {
			isa = PBXShellScriptBuildPhase;
			buildActionMask = 2147483647;
			files = (
			);
			inputPaths = (
			);
			name = "[CP] Copy Pods Resources";
			outputPaths = (
			);
			runOnlyForDeploymentPostprocessing = 0;
			shellPath = /bin/sh;
			shellScript = "\"${SRCROOT}/../Pods/Target Support Files/Pods-Square/Pods-Square-resources.sh\"\n";
			showEnvVarsInLog = 0;
		};
		83D39E36C7AD18DDBE782FB5 /* [CP] Embed Pods Frameworks */ = {
			isa = PBXShellScriptBuildPhase;
			buildActionMask = 2147483647;
			files = (
			);
			inputPaths = (
			);
			name = "[CP] Embed Pods Frameworks";
			outputPaths = (
			);
			runOnlyForDeploymentPostprocessing = 0;
			shellPath = /bin/sh;
			shellScript = "\"${SRCROOT}/../Pods/Target Support Files/Pods-Square/Pods-Square-frameworks.sh\"\n";
			showEnvVarsInLog = 0;
		};
		9CC6ED6485FCA7F9788B6CDE /* [CP] Check Pods Manifest.lock */ = {
			isa = PBXShellScriptBuildPhase;
			buildActionMask = 2147483647;
			files = (
			);
			inputPaths = (
			);
			name = "[CP] Check Pods Manifest.lock";
			outputPaths = (
			);
			runOnlyForDeploymentPostprocessing = 0;
			shellPath = /bin/sh;
			shellScript = "diff \"${PODS_ROOT}/../Podfile.lock\" \"${PODS_ROOT}/Manifest.lock\" > /dev/null\nif [[ $? != 0 ]] ; then\n    cat << EOM\nerror: The sandbox is not in sync with the Podfile.lock. Run 'pod install' or update your CocoaPods installation.\nEOM\n    exit 1\nfi\n";
			showEnvVarsInLog = 0;
		};
/* End PBXShellScriptBuildPhase section */

/* Begin PBXSourcesBuildPhase section */
		C31F6DDC1D56377700CEABEA /* Sources */ = {
			isa = PBXSourcesBuildPhase;
			buildActionMask = 2147483647;
			files = (
				C3AB477C1D5CE23800478CF5 /* DemoTextMessageViewModel.swift in Sources */,
				C3CAF84D1D563B3B00A334D0 /* CollectionOnHomeView.swift in Sources */,
				C3D94FC71D5C3E020076AA89 /* WorkProfileCollectionViewCell.swift in Sources */,
				C3D09B4D1D59B553002820BA /* WorkBoardViewController.swift in Sources */,
				C3CAF8461D5638A500A334D0 /* BASE.swift in Sources */,
				C34384E11D5D75C600248A33 /* SendingStatusPresenter.swift in Sources */,
				C34384E61D5D75E600248A33 /* TimeSeparatorModel.swift in Sources */,
				C36D07F21D5AF4960095CAEE /* WorkBoardCommentTableViewCell.swift in Sources */,
				C39F29D21D57802200D832FB /* CommentDelegate.swift in Sources */,
				C39F29B91D56E8FB00D832FB /* WorkTableViewCell.swift in Sources */,
				C3AB47811D5CE24500478CF5 /* DemoPhotoMessageHandler.swift in Sources */,
				C3CAF8541D563E6200A334D0 /* SegmentControlView.swift in Sources */,
				C3B36BBD1D646ACF0024126E /* CommentFooterLevelOneTableViewCell.swift in Sources */,
				C31F6DE41D56377700CEABEA /* AppDelegate.swift in Sources */,
				C34384E81D5D75E600248A33 /* TimeSeparatorCollectionViewCell.swift in Sources */,
				C3DDADB21D57837C00F482FA /* NotificationTableViewCell.swift in Sources */,
				C3EBBFB01D5A31D3009DB7DE /* CommentViewController.swift in Sources */,
				C3A918901D588B2800B119E3 /* DigInCollectionViewLayout.swift in Sources */,
				C3B36BB51D6442720024126E /* CommentLevelOneTableViewCell.swift in Sources */,
				C3A918941D589AB300B119E3 /* DigInCollectionViewCell.swift in Sources */,
				C39F29CA1D574AAF00D832FB /* NotificationViewController.swift in Sources */,
				C3E7E41F1D5C5A6600B94ABA /* ProfileEditViewController.swift in Sources */,
				C3C340A31D5F467E00F311FC /* FolllowerTableViewCell.swift in Sources */,
				C3AB47821D5CE24500478CF5 /* DemoPhotoMessageModel.swift in Sources */,
				C39F29D41D57825D00D832FB /* NotificationDelegate.swift in Sources */,
				C3AB477A1D5CE23800478CF5 /* DemoTextMessageHandler.swift in Sources */,
				C34384DE1D5D74B400248A33 /* SendingStatusCollectionViewCell.swift in Sources */,
				C34212EB1D5EF8D30031838D /* FollowerViewController.swift in Sources */,
				C3CAF8481D5638B200A334D0 /* User.swift in Sources */,
				C3AB477B1D5CE23800478CF5 /* DemoTextMessageModel.swift in Sources */,
				C3AB47891D5CE32000478CF5 /* FakeDataSource.swift in Sources */,
				C3A9188D1D586FD600B119E3 /* DigInViewController.swift in Sources */,
				C3AB47701D5CDAF500478CF5 /* ChatViewController.swift in Sources */,
				C34384EA1D5D7D4D00248A33 /* ChatItemsDemoDecorator.swift in Sources */,
				C3CAF8521D563E1A00A334D0 /* HomeViewController.swift in Sources */,
				C39B18FD1D6301C1004C7376 /* SquareViewController.swift in Sources */,
				C3AB478D1D5CE34500478CF5 /* SlidingDatasSource.swift in Sources */,
				C3AB47871D5CE31700478CF5 /* FakeMessageSender.swift in Sources */,
				C3AB478B1D5CE33C00478CF5 /* FakeMessageFactory.swift in Sources */,
				C39F29C01D56F70600D832FB /* CollectionTableViewCell.swift in Sources */,
				C36D07FE1D5B657D0095CAEE /* ProfileViewController.swift in Sources */,
				C3D94FC31D5C32D10076AA89 /* HeaderProfileCollectionReusableView.swift in Sources */,
				C3AB47831D5CE24500478CF5 /* DemoPhotoMessageViewModel.swift in Sources */,
				C3B36BB91D64451C0024126E /* CommentLevelTwoTableViewCell.swift in Sources */,
				C36D07EE1D5AF37E0095CAEE /* WorkBoardCommentsViewController.swift in Sources */,
				C39F29C61D571F1B00D832FB /* LoginView.swift in Sources */,
				C3AB478F1D5CE6F100478CF5 /* BaseMessageHandler.swift in Sources */,
				C3B0170C1D56563D00C22980 /* WorkViewController.swift in Sources */,
				C36D07FB1D5B29F20095CAEE /* UserInfoProfileCollectionViewCell.swift in Sources */,
				C347AB121D5F948400DC51DD /* HomeTabBarViewController.swift in Sources */,
				C39F29CE1D574DEF00D832FB /* CommentTableViewCell.swift in Sources */,
				C31F6DEC1D56377700CEABEA /* Square.xcdatamodeld in Sources */,
				C3CAF8581D5648BE00A334D0 /* WorksOnHomeView.swift in Sources */,
				C3AB47751D5CE12900478CF5 /* BaseMessageCollectionViewCellAvatarStyle.swift in Sources */,
				C34384ED1D5D8CF300248A33 /* StackProfileCollectionViewCell.swift in Sources */,
				C39F29C31D571E7F00D832FB /* LoginViewController.swift in Sources */,
				C39F29BC1D56F64400D832FB /* CollectionViewController.swift in Sources */,
				C34384E71D5D75E600248A33 /* TimeSeparatorPresenter.swift in Sources */,
			);
			runOnlyForDeploymentPostprocessing = 0;
		};
/* End PBXSourcesBuildPhase section */

/* Begin PBXVariantGroup section */
		C31F6DE71D56377700CEABEA /* Main.storyboard */ = {
			isa = PBXVariantGroup;
			children = (
				C31F6DE81D56377700CEABEA /* Base */,
			);
			name = Main.storyboard;
			sourceTree = "<group>";
		};
		C31F6DEF1D56377700CEABEA /* LaunchScreen.storyboard */ = {
			isa = PBXVariantGroup;
			children = (
				C31F6DF01D56377700CEABEA /* Base */,
			);
			name = LaunchScreen.storyboard;
			sourceTree = "<group>";
		};
/* End PBXVariantGroup section */

/* Begin XCBuildConfiguration section */
		C31F6DF31D56377700CEABEA /* Debug */ = {
			isa = XCBuildConfiguration;
			buildSettings = {
				ALWAYS_SEARCH_USER_PATHS = NO;
				CLANG_ANALYZER_NONNULL = YES;
				CLANG_CXX_LANGUAGE_STANDARD = "gnu++0x";
				CLANG_CXX_LIBRARY = "libc++";
				CLANG_ENABLE_MODULES = YES;
				CLANG_ENABLE_OBJC_ARC = YES;
				CLANG_WARN_BOOL_CONVERSION = YES;
				CLANG_WARN_CONSTANT_CONVERSION = YES;
				CLANG_WARN_DIRECT_OBJC_ISA_USAGE = YES_ERROR;
				CLANG_WARN_EMPTY_BODY = YES;
				CLANG_WARN_ENUM_CONVERSION = YES;
				CLANG_WARN_INT_CONVERSION = YES;
				CLANG_WARN_OBJC_ROOT_CLASS = YES_ERROR;
				CLANG_WARN_UNREACHABLE_CODE = YES;
				CLANG_WARN__DUPLICATE_METHOD_MATCH = YES;
				"CODE_SIGN_IDENTITY[sdk=iphoneos*]" = "iPhone Developer";
				COPY_PHASE_STRIP = NO;
				DEBUG_INFORMATION_FORMAT = dwarf;
				ENABLE_STRICT_OBJC_MSGSEND = YES;
				ENABLE_TESTABILITY = YES;
				GCC_C_LANGUAGE_STANDARD = gnu99;
				GCC_DYNAMIC_NO_PIC = NO;
				GCC_NO_COMMON_BLOCKS = YES;
				GCC_OPTIMIZATION_LEVEL = 0;
				GCC_PREPROCESSOR_DEFINITIONS = (
					"DEBUG=1",
					"$(inherited)",
				);
				GCC_WARN_64_TO_32_BIT_CONVERSION = YES;
				GCC_WARN_ABOUT_RETURN_TYPE = YES_ERROR;
				GCC_WARN_UNDECLARED_SELECTOR = YES;
				GCC_WARN_UNINITIALIZED_AUTOS = YES_AGGRESSIVE;
				GCC_WARN_UNUSED_FUNCTION = YES;
				GCC_WARN_UNUSED_VARIABLE = YES;
				IPHONEOS_DEPLOYMENT_TARGET = 9.3;
				MTL_ENABLE_DEBUG_INFO = YES;
				ONLY_ACTIVE_ARCH = YES;
				SDKROOT = iphoneos;
				SWIFT_OPTIMIZATION_LEVEL = "-Onone";
				TARGETED_DEVICE_FAMILY = "1,2";
			};
			name = Debug;
		};
		C31F6DF41D56377700CEABEA /* Release */ = {
			isa = XCBuildConfiguration;
			buildSettings = {
				ALWAYS_SEARCH_USER_PATHS = NO;
				CLANG_ANALYZER_NONNULL = YES;
				CLANG_CXX_LANGUAGE_STANDARD = "gnu++0x";
				CLANG_CXX_LIBRARY = "libc++";
				CLANG_ENABLE_MODULES = YES;
				CLANG_ENABLE_OBJC_ARC = YES;
				CLANG_WARN_BOOL_CONVERSION = YES;
				CLANG_WARN_CONSTANT_CONVERSION = YES;
				CLANG_WARN_DIRECT_OBJC_ISA_USAGE = YES_ERROR;
				CLANG_WARN_EMPTY_BODY = YES;
				CLANG_WARN_ENUM_CONVERSION = YES;
				CLANG_WARN_INT_CONVERSION = YES;
				CLANG_WARN_OBJC_ROOT_CLASS = YES_ERROR;
				CLANG_WARN_UNREACHABLE_CODE = YES;
				CLANG_WARN__DUPLICATE_METHOD_MATCH = YES;
				"CODE_SIGN_IDENTITY[sdk=iphoneos*]" = "iPhone Developer";
				COPY_PHASE_STRIP = NO;
				DEBUG_INFORMATION_FORMAT = "dwarf-with-dsym";
				ENABLE_NS_ASSERTIONS = NO;
				ENABLE_STRICT_OBJC_MSGSEND = YES;
				GCC_C_LANGUAGE_STANDARD = gnu99;
				GCC_NO_COMMON_BLOCKS = YES;
				GCC_WARN_64_TO_32_BIT_CONVERSION = YES;
				GCC_WARN_ABOUT_RETURN_TYPE = YES_ERROR;
				GCC_WARN_UNDECLARED_SELECTOR = YES;
				GCC_WARN_UNINITIALIZED_AUTOS = YES_AGGRESSIVE;
				GCC_WARN_UNUSED_FUNCTION = YES;
				GCC_WARN_UNUSED_VARIABLE = YES;
				IPHONEOS_DEPLOYMENT_TARGET = 9.3;
				MTL_ENABLE_DEBUG_INFO = NO;
				SDKROOT = iphoneos;
				TARGETED_DEVICE_FAMILY = "1,2";
				VALIDATE_PRODUCT = YES;
			};
			name = Release;
		};
		C31F6DF61D56377700CEABEA /* Debug */ = {
			isa = XCBuildConfiguration;
			baseConfigurationReference = 95E8E810F98C4386EB584FD2 /* Pods-Square.debug.xcconfig */;
			buildSettings = {
				ASSETCATALOG_COMPILER_APPICON_NAME = AppIcon;
				CODE_SIGN_IDENTITY = "iPhone Distribution: Zhuyuan (Wuhan) Architecture Technology LLC (QXPV6MQP3E)";
				"CODE_SIGN_IDENTITY[sdk=iphoneos*]" = "iPhone Distribution: Zhuyuan (Wuhan) Architecture Technology LLC (QXPV6MQP3E)";
				INFOPLIST_FILE = Square/Info.plist;
				LD_RUNPATH_SEARCH_PATHS = "$(inherited) @executable_path/Frameworks";
				PRODUCT_BUNDLE_IDENTIFIER = com.squarance.squarance;
				PRODUCT_NAME = Squarance;
				PROVISIONING_PROFILE = "";
				TARGETED_DEVICE_FAMILY = 1;
			};
			name = Debug;
		};
		C31F6DF71D56377700CEABEA /* Release */ = {
			isa = XCBuildConfiguration;
			baseConfigurationReference = B365ED65503C051D98DBDA1F /* Pods-Square.release.xcconfig */;
			buildSettings = {
				ASSETCATALOG_COMPILER_APPICON_NAME = AppIcon;
				CODE_SIGN_IDENTITY = "iPhone Distribution: Zhuyuan (Wuhan) Architecture Technology LLC (QXPV6MQP3E)";
				"CODE_SIGN_IDENTITY[sdk=iphoneos*]" = "iPhone Distribution: Zhuyuan (Wuhan) Architecture Technology LLC (QXPV6MQP3E)";
				INFOPLIST_FILE = Square/Info.plist;
				LD_RUNPATH_SEARCH_PATHS = "$(inherited) @executable_path/Frameworks";
				PRODUCT_BUNDLE_IDENTIFIER = com.squarance.squarance;
				PRODUCT_NAME = Squarance;
				PROVISIONING_PROFILE = "";
				TARGETED_DEVICE_FAMILY = 1;
			};
			name = Release;
		};
/* End XCBuildConfiguration section */

/* Begin XCConfigurationList section */
		C31F6DDB1D56377700CEABEA /* Build configuration list for PBXProject "Squarance" */ = {
			isa = XCConfigurationList;
			buildConfigurations = (
				C31F6DF31D56377700CEABEA /* Debug */,
				C31F6DF41D56377700CEABEA /* Release */,
			);
			defaultConfigurationIsVisible = 0;
			defaultConfigurationName = Release;
		};
		C31F6DF51D56377700CEABEA /* Build configuration list for PBXNativeTarget "Squarance" */ = {
			isa = XCConfigurationList;
			buildConfigurations = (
				C31F6DF61D56377700CEABEA /* Debug */,
				C31F6DF71D56377700CEABEA /* Release */,
			);
			defaultConfigurationIsVisible = 0;
			defaultConfigurationName = Release;
		};
/* End XCConfigurationList section */

/* Begin XCVersionGroup section */
		C31F6DEA1D56377700CEABEA /* Square.xcdatamodeld */ = {
			isa = XCVersionGroup;
			children = (
				C31F6DEB1D56377700CEABEA /* Square.xcdatamodel */,
			);
			currentVersion = C31F6DEB1D56377700CEABEA /* Square.xcdatamodel */;
			path = Square.xcdatamodeld;
			sourceTree = "<group>";
			versionGroupType = wrapper.xcdatamodel;
		};
/* End XCVersionGroup section */
	};
	rootObject = C31F6DD81D56377700CEABEA /* Project object */;
}
